
Microsoft Visual Studio Solution File, Format Version 12.00
# Visual Studio Version 16
VisualStudioVersion = 16.0.30907.101
MinimumVisualStudioVersion = 10.0.40219.1
Project("{FAE04EC0-301F-11D3-BF4B-00C04F79EFBC}") = "pymonitor", "pymonitor\pymonitor.csproj", "{8156A21F-DE11-47EE-8192-09DD287B1E19}"
EndProject
Global
	GlobalSection(SolutionConfigurationPlatforms) = preSolution
		Debug|Any CPU = Debug|Any CPU
		Release|Any CPU = Release|Any CPU
	EndGlobalSection
	GlobalSection(ProjectConfigurationPlatforms) = postSolution
		{8156A21F-DE11-47EE-8192-09DD287B1E19}.Debug|Any CPU.ActiveCfg = Debug|Any CPU
		{8156A21F-DE11-47EE-8192-09DD287B1E19}.Debug|Any CPU.Build.0 = Debug|Any CPU
		{8156A21F-DE11-47EE-8192-09DD287B1E19}.Release|Any CPU.ActiveCfg = Release|Any CPU
		{8156A21F-DE11-47EE-8192-09DD287B1E19}.Release|Any CPU.Build.0 = Release|Any CPU
	EndGlobalSection
	GlobalSection(SolutionProperties) = preSolution
		HideSolutionNode = FALSE
	EndGlobalSection
	GlobalSection(ExtensibilityGlobals) = postSolution
		SolutionGuid = {735B6A01-4D31-4A71-8CFB-7D2E3DE7E35C}
	EndGlobalSection
EndGlobal
